
Microsoft Visual Studio Solution File, Format Version 12.00
# Visual Studio Version 17
VisualStudioVersion = 17.7.34302.85
MinimumVisualStudioVersion = 10.0.40219.1
Project("{FAE04EC0-301F-11D3-BF4B-00C04F79EFBC}") = "KeyedDIServices", "KeyedDIServices\KeyedDIServices.csproj", "{776F7250-984F-47F7-A354-F4529AC32E1A}"
EndProject
Global
	GlobalSection(SolutionConfigurationPlatforms) = preSolution
		Debug|Any CPU = Debug|Any CPU
		Release|Any CPU = Release|Any CPU
	EndGlobalSection
	GlobalSection(ProjectConfigurationPlatforms) = postSolution
		{776F7250-984F-47F7-A354-F4529AC32E1A}.Debug|Any CPU.ActiveCfg = Debug|Any CPU
		{776F7250-984F-47F7-A354-F4529AC32E1A}.Debug|Any CPU.Build.0 = Debug|Any CPU
		{776F7250-984F-47F7-A354-F4529AC32E1A}.Release|Any CPU.ActiveCfg = Release|Any CPU
		{776F7250-984F-47F7-A354-F4529AC32E1A}.Release|Any CPU.Build.0 = Release|Any CPU
	EndGlobalSection
	GlobalSection(SolutionProperties) = preSolution
		HideSolutionNode = FALSE
	EndGlobalSection
	GlobalSection(ExtensibilityGlobals) = postSolution
		SolutionGuid = {CE02112C-3725-4816-BA7C-7FE41F0E83BC}
	EndGlobalSection
EndGlobal
